
Microsoft Visual Studio Solution File, Format Version 12.00
Project("{FAE04EC0-301F-11D3-BF4B-00C04F79EFBC}") = "ConsoleAppClassV2", "ConsoleAppClassV2\ConsoleAppClassV2.csproj", "{31B536A5-B4D2-4C0E-9AEB-B970C5062DCD}"
EndProject
Global
	GlobalSection(SolutionConfigurationPlatforms) = preSolution
		Debug|Any CPU = Debug|Any CPU
		Release|Any CPU = Release|Any CPU
	EndGlobalSection
	GlobalSection(ProjectConfigurationPlatforms) = postSolution
		{31B536A5-B4D2-4C0E-9AEB-B970C5062DCD}.Debug|Any CPU.ActiveCfg = Debug|Any CPU
		{31B536A5-B4D2-4C0E-9AEB-B970C5062DCD}.Debug|Any CPU.Build.0 = Debug|Any CPU
		{31B536A5-B4D2-4C0E-9AEB-B970C5062DCD}.Release|Any CPU.ActiveCfg = Release|Any CPU
		{31B536A5-B4D2-4C0E-9AEB-B970C5062DCD}.Release|Any CPU.Build.0 = Release|Any CPU
	EndGlobalSection
EndGlobal
